
Microsoft Visual Studio Solution File, Format Version 12.00
# Visual Studio Version 16
VisualStudioVersion = 16.0.30907.101
MinimumVisualStudioVersion = 10.0.40219.1
Project("{9A19103F-16F7-4668-BE54-9A1E7A4F7556}") = "exercice1", "exercice1\exercice1.csproj", "{441DF65A-CAAA-4465-B175-3FF3E6CEF226}"
EndProject
Project("{9A19103F-16F7-4668-BE54-9A1E7A4F7556}") = "exercice2", "exercice2\exercice2.csproj", "{25052DFA-95B3-4240-BB86-EC9AEBCA75D1}"
EndProject
Project("{9A19103F-16F7-4668-BE54-9A1E7A4F7556}") = "exercice3", "exercice3\exercice3.csproj", "{F627B217-51A0-4676-8BE0-21D4E24E4CC3}"
EndProject
Project("{FAE04EC0-301F-11D3-BF4B-00C04F79EFBC}") = "exercice4", "exercice4\exercice4.csproj", "{9960B224-8423-488F-87FB-FE92A5D4F74F}"
EndProject
Global
	GlobalSection(SolutionConfigurationPlatforms) = preSolution
		Debug|Any CPU = Debug|Any CPU
		Release|Any CPU = Release|Any CPU
	EndGlobalSection
	GlobalSection(ProjectConfigurationPlatforms) = postSolution
		{441DF65A-CAAA-4465-B175-3FF3E6CEF226}.Debug|Any CPU.ActiveCfg = Debug|Any CPU
		{441DF65A-CAAA-4465-B175-3FF3E6CEF226}.Debug|Any CPU.Build.0 = Debug|Any CPU
		{441DF65A-CAAA-4465-B175-3FF3E6CEF226}.Release|Any CPU.ActiveCfg = Release|Any CPU
		{441DF65A-CAAA-4465-B175-3FF3E6CEF226}.Release|Any CPU.Build.0 = Release|Any CPU
		{25052DFA-95B3-4240-BB86-EC9AEBCA75D1}.Debug|Any CPU.ActiveCfg = Debug|Any CPU
		{25052DFA-95B3-4240-BB86-EC9AEBCA75D1}.Debug|Any CPU.Build.0 = Debug|Any CPU
		{25052DFA-95B3-4240-BB86-EC9AEBCA75D1}.Release|Any CPU.ActiveCfg = Release|Any CPU
		{25052DFA-95B3-4240-BB86-EC9AEBCA75D1}.Release|Any CPU.Build.0 = Release|Any CPU
		{F627B217-51A0-4676-8BE0-21D4E24E4CC3}.Debug|Any CPU.ActiveCfg = Debug|Any CPU
		{F627B217-51A0-4676-8BE0-21D4E24E4CC3}.Debug|Any CPU.Build.0 = Debug|Any CPU
		{F627B217-51A0-4676-8BE0-21D4E24E4CC3}.Release|Any CPU.ActiveCfg = Release|Any CPU
		{F627B217-51A0-4676-8BE0-21D4E24E4CC3}.Release|Any CPU.Build.0 = Release|Any CPU
		{9960B224-8423-488F-87FB-FE92A5D4F74F}.Debug|Any CPU.ActiveCfg = Debug|Any CPU
		{9960B224-8423-488F-87FB-FE92A5D4F74F}.Debug|Any CPU.Build.0 = Debug|Any CPU
		{9960B224-8423-488F-87FB-FE92A5D4F74F}.Release|Any CPU.ActiveCfg = Release|Any CPU
		{9960B224-8423-488F-87FB-FE92A5D4F74F}.Release|Any CPU.Build.0 = Release|Any CPU
	EndGlobalSection
	GlobalSection(SolutionProperties) = preSolution
		HideSolutionNode = FALSE
	EndGlobalSection
	GlobalSection(ExtensibilityGlobals) = postSolution
		SolutionGuid = {34ADEC4D-FDAF-4864-B328-11B0F6B81DE2}
	EndGlobalSection
EndGlobal
