
Microsoft Visual Studio Solution File, Format Version 12.00
# Visual Studio Version 16
VisualStudioVersion = 16.0.30907.101
MinimumVisualStudioVersion = 10.0.40219.1
Project("{FAE04EC0-301F-11D3-BF4B-00C04F79EFBC}") = "exercice1", "exercice1\exercice1.csproj", "{441DF65A-CAAA-4465-B175-3FF3E6CEF226}"
EndProject
Global
	GlobalSection(SolutionConfigurationPlatforms) = preSolution
		Debug|Any CPU = Debug|Any CPU
		Release|Any CPU = Release|Any CPU
	EndGlobalSection
	GlobalSection(ProjectConfigurationPlatforms) = postSolution
		{441DF65A-CAAA-4465-B175-3FF3E6CEF226}.Debug|Any CPU.ActiveCfg = Debug|Any CPU
		{441DF65A-CAAA-4465-B175-3FF3E6CEF226}.Debug|Any CPU.Build.0 = Debug|Any CPU
		{441DF65A-CAAA-4465-B175-3FF3E6CEF226}.Release|Any CPU.ActiveCfg = Release|Any CPU
		{441DF65A-CAAA-4465-B175-3FF3E6CEF226}.Release|Any CPU.Build.0 = Release|Any CPU
	EndGlobalSection
	GlobalSection(SolutionProperties) = preSolution
		HideSolutionNode = FALSE
	EndGlobalSection
	GlobalSection(ExtensibilityGlobals) = postSolution
		SolutionGuid = {34ADEC4D-FDAF-4864-B328-11B0F6B81DE2}
	EndGlobalSection
EndGlobal
