
Microsoft Visual Studio Solution File, Format Version 12.00
# Visual Studio Version 16
VisualStudioVersion = 16.0.30907.101
MinimumVisualStudioVersion = 10.0.40219.1
Project("{9A19103F-16F7-4668-BE54-9A1E7A4F7556}") = "exercice1", "exercice1\exercice1.csproj", "{E9CC1EF3-11AF-47AD-896A-4DCB3491A071}"
EndProject
Project("{9A19103F-16F7-4668-BE54-9A1E7A4F7556}") = "exercice2", "exercice2\exercice2.csproj", "{AF9CDF6E-BCCB-43D7-B4CE-B0D988FC1DB9}"
EndProject
Project("{FAE04EC0-301F-11D3-BF4B-00C04F79EFBC}") = "exercice3", "exercice3\exercice3.csproj", "{0CA5EDDA-1A29-41DB-835B-3F469FEC0677}"
EndProject
Project("{FAE04EC0-301F-11D3-BF4B-00C04F79EFBC}") = "exercice4", "exercice4\exercice4.csproj", "{92988D46-EAB0-4B13-BB37-9B3005921C3D}"
EndProject
Global
	GlobalSection(SolutionConfigurationPlatforms) = preSolution
		Debug|Any CPU = Debug|Any CPU
		Release|Any CPU = Release|Any CPU
	EndGlobalSection
	GlobalSection(ProjectConfigurationPlatforms) = postSolution
		{E9CC1EF3-11AF-47AD-896A-4DCB3491A071}.Debug|Any CPU.ActiveCfg = Debug|Any CPU
		{E9CC1EF3-11AF-47AD-896A-4DCB3491A071}.Debug|Any CPU.Build.0 = Debug|Any CPU
		{E9CC1EF3-11AF-47AD-896A-4DCB3491A071}.Release|Any CPU.ActiveCfg = Release|Any CPU
		{E9CC1EF3-11AF-47AD-896A-4DCB3491A071}.Release|Any CPU.Build.0 = Release|Any CPU
		{AF9CDF6E-BCCB-43D7-B4CE-B0D988FC1DB9}.Debug|Any CPU.ActiveCfg = Debug|Any CPU
		{AF9CDF6E-BCCB-43D7-B4CE-B0D988FC1DB9}.Debug|Any CPU.Build.0 = Debug|Any CPU
		{AF9CDF6E-BCCB-43D7-B4CE-B0D988FC1DB9}.Release|Any CPU.ActiveCfg = Release|Any CPU
		{AF9CDF6E-BCCB-43D7-B4CE-B0D988FC1DB9}.Release|Any CPU.Build.0 = Release|Any CPU
		{0CA5EDDA-1A29-41DB-835B-3F469FEC0677}.Debug|Any CPU.ActiveCfg = Debug|Any CPU
		{0CA5EDDA-1A29-41DB-835B-3F469FEC0677}.Debug|Any CPU.Build.0 = Debug|Any CPU
		{0CA5EDDA-1A29-41DB-835B-3F469FEC0677}.Release|Any CPU.ActiveCfg = Release|Any CPU
		{0CA5EDDA-1A29-41DB-835B-3F469FEC0677}.Release|Any CPU.Build.0 = Release|Any CPU
		{92988D46-EAB0-4B13-BB37-9B3005921C3D}.Debug|Any CPU.ActiveCfg = Debug|Any CPU
		{92988D46-EAB0-4B13-BB37-9B3005921C3D}.Debug|Any CPU.Build.0 = Debug|Any CPU
		{92988D46-EAB0-4B13-BB37-9B3005921C3D}.Release|Any CPU.ActiveCfg = Release|Any CPU
		{92988D46-EAB0-4B13-BB37-9B3005921C3D}.Release|Any CPU.Build.0 = Release|Any CPU
	EndGlobalSection
	GlobalSection(SolutionProperties) = preSolution
		HideSolutionNode = FALSE
	EndGlobalSection
	GlobalSection(ExtensibilityGlobals) = postSolution
		SolutionGuid = {5E04CD78-FE81-4C80-BA67-AA6CF793E296}
	EndGlobalSection
EndGlobal
